// !$*UTF8*$!
{
	archiveVersion = 1;
	classes = {
	};
	objectVersion = 46;
	objects = {

/* Begin PBXBuildFile section */
		0E82D2EE1895274200B822B6 /* MapKit.framework in Frameworks */ = {isa = PBXBuildFile; fileRef = 0E82D2ED1895274200B822B6 /* MapKit.framework */; };
		0E82D2F118952BB800B822B6 /* APAnnotation.m in Sources */ = {isa = PBXBuildFile; fileRef = 0E82D2F018952BB800B822B6 /* APAnnotation.m */; };
		0E82D2F71895871E00B822B6 /* APMapView.m in Sources */ = {isa = PBXBuildFile; fileRef = 0E82D2F61895871E00B822B6 /* APMapView.m */; };
		0EBCDA801880E68A00599122 /* Foundation.framework in Frameworks */ = {isa = PBXBuildFile; fileRef = 0EBCDA7F1880E68A00599122 /* Foundation.framework */; };
		0EBCDA821880E68A00599122 /* CoreGraphics.framework in Frameworks */ = {isa = PBXBuildFile; fileRef = 0EBCDA811880E68A00599122 /* CoreGraphics.framework */; };
		0EBCDA841880E68A00599122 /* UIKit.framework in Frameworks */ = {isa = PBXBuildFile; fileRef = 0EBCDA831880E68A00599122 /* UIKit.framework */; };
		0EBCDA8A1880E68A00599122 /* InfoPlist.strings in Resources */ = {isa = PBXBuildFile; fileRef = 0EBCDA881880E68A00599122 /* InfoPlist.strings */; };
		0EBCDA8C1880E68A00599122 /* main.m in Sources */ = {isa = PBXBuildFile; fileRef = 0EBCDA8B1880E68A00599122 /* main.m */; };
		0EBCDA901880E68A00599122 /* AppDelegate.m in Sources */ = {isa = PBXBuildFile; fileRef = 0EBCDA8F1880E68A00599122 /* AppDelegate.m */; };
		0EBCDA931880E68A00599122 /* Main.storyboard in Resources */ = {isa = PBXBuildFile; fileRef = 0EBCDA911880E68A00599122 /* Main.storyboard */; };
		0EBCDA961880E68A00599122 /* APMapViewController.m in Sources */ = {isa = PBXBuildFile; fileRef = 0EBCDA951880E68A00599122 /* APMapViewController.m */; };
		0EBCDA981880E68A00599122 /* Images.xcassets in Resources */ = {isa = PBXBuildFile; fileRef = 0EBCDA971880E68A00599122 /* Images.xcassets */; };
		0EBCDA9F1880E68A00599122 /* XCTest.framework in Frameworks */ = {isa = PBXBuildFile; fileRef = 0EBCDA9E1880E68A00599122 /* XCTest.framework */; };
		0EBCDAA01880E68A00599122 /* Foundation.framework in Frameworks */ = {isa = PBXBuildFile; fileRef = 0EBCDA7F1880E68A00599122 /* Foundation.framework */; };
		0EBCDAA11880E68A00599122 /* UIKit.framework in Frameworks */ = {isa = PBXBuildFile; fileRef = 0EBCDA831880E68A00599122 /* UIKit.framework */; };
		0EBCDAA91880E68A00599122 /* InfoPlist.strings in Resources */ = {isa = PBXBuildFile; fileRef = 0EBCDAA71880E68A00599122 /* InfoPlist.strings */; };
		0EBCDAAB1880E68A00599122 /* controllersTests.m in Sources */ = {isa = PBXBuildFile; fileRef = 0EBCDAAA1880E68A00599122 /* controllersTests.m */; };
/* End PBXBuildFile section */

/* Begin PBXContainerItemProxy section */
		0EBCDAA21880E68A00599122 /* PBXContainerItemProxy */ = {
			isa = PBXContainerItemProxy;
			containerPortal = 0EBCDA741880E68A00599122 /* Project object */;
			proxyType = 1;
			remoteGlobalIDString = 0EBCDA7B1880E68A00599122;
			remoteInfo = controllers;
		};
/* End PBXContainerItemProxy section */

/* Begin PBXFileReference section */
		0E82D2ED1895274200B822B6 /* MapKit.framework */ = {isa = PBXFileReference; lastKnownFileType = wrapper.framework; name = MapKit.framework; path = System/Library/Frameworks/MapKit.framework; sourceTree = SDKROOT; };
		0E82D2EF18952BB800B822B6 /* APAnnotation.h */ = {isa = PBXFileReference; fileEncoding = 4; lastKnownFileType = sourcecode.c.h; path = APAnnotation.h; sourceTree = "<group>"; };
		0E82D2F018952BB800B822B6 /* APAnnotation.m */ = {isa = PBXFileReference; fileEncoding = 4; lastKnownFileType = sourcecode.c.objc; path = APAnnotation.m; sourceTree = "<group>"; };
		0E82D2F51895871E00B822B6 /* APMapView.h */ = {isa = PBXFileReference; fileEncoding = 4; lastKnownFileType = sourcecode.c.h; path = APMapView.h; sourceTree = "<group>"; };
		0E82D2F61895871E00B822B6 /* APMapView.m */ = {isa = PBXFileReference; fileEncoding = 4; lastKnownFileType = sourcecode.c.objc; path = APMapView.m; sourceTree = "<group>"; };
		0EBCDA7C1880E68A00599122 /* controllers.app */ = {isa = PBXFileReference; explicitFileType = wrapper.application; includeInIndex = 0; path = controllers.app; sourceTree = BUILT_PRODUCTS_DIR; };
		0EBCDA7F1880E68A00599122 /* Foundation.framework */ = {isa = PBXFileReference; lastKnownFileType = wrapper.framework; name = Foundation.framework; path = System/Library/Frameworks/Foundation.framework; sourceTree = SDKROOT; };
		0EBCDA811880E68A00599122 /* CoreGraphics.framework */ = {isa = PBXFileReference; lastKnownFileType = wrapper.framework; name = CoreGraphics.framework; path = System/Library/Frameworks/CoreGraphics.framework; sourceTree = SDKROOT; };
		0EBCDA831880E68A00599122 /* UIKit.framework */ = {isa = PBXFileReference; lastKnownFileType = wrapper.framework; name = UIKit.framework; path = System/Library/Frameworks/UIKit.framework; sourceTree = SDKROOT; };
		0EBCDA871880E68A00599122 /* controllers-Info.plist */ = {isa = PBXFileReference; lastKnownFileType = text.plist.xml; path = "controllers-Info.plist"; sourceTree = "<group>"; };
		0EBCDA891880E68A00599122 /* en */ = {isa = PBXFileReference; lastKnownFileType = text.plist.strings; name = en; path = en.lproj/InfoPlist.strings; sourceTree = "<group>"; };
		0EBCDA8B1880E68A00599122 /* main.m */ = {isa = PBXFileReference; lastKnownFileType = sourcecode.c.objc; path = main.m; sourceTree = "<group>"; };
		0EBCDA8D1880E68A00599122 /* controllers-Prefix.pch */ = {isa = PBXFileReference; lastKnownFileType = sourcecode.c.h; path = "controllers-Prefix.pch"; sourceTree = "<group>"; };
		0EBCDA8E1880E68A00599122 /* AppDelegate.h */ = {isa = PBXFileReference; lastKnownFileType = sourcecode.c.h; path = AppDelegate.h; sourceTree = "<group>"; };
		0EBCDA8F1880E68A00599122 /* AppDelegate.m */ = {isa = PBXFileReference; lastKnownFileType = sourcecode.c.objc; path = AppDelegate.m; sourceTree = "<group>"; };
		0EBCDA921880E68A00599122 /* Base */ = {isa = PBXFileReference; lastKnownFileType = file.storyboard; name = Base; path = Base.lproj/Main.storyboard; sourceTree = "<group>"; };
		0EBCDA941880E68A00599122 /* APMapViewController.h */ = {isa = PBXFileReference; lastKnownFileType = sourcecode.c.h; path = APMapViewController.h; sourceTree = "<group>"; };
		0EBCDA951880E68A00599122 /* APMapViewController.m */ = {isa = PBXFileReference; lastKnownFileType = sourcecode.c.objc; path = APMapViewController.m; sourceTree = "<group>"; };
		0EBCDA971880E68A00599122 /* Images.xcassets */ = {isa = PBXFileReference; lastKnownFileType = folder.assetcatalog; path = Images.xcassets; sourceTree = "<group>"; };
		0EBCDA9D1880E68A00599122 /* controllersTests.xctest */ = {isa = PBXFileReference; explicitFileType = wrapper.cfbundle; includeInIndex = 0; path = controllersTests.xctest; sourceTree = BUILT_PRODUCTS_DIR; };
		0EBCDA9E1880E68A00599122 /* XCTest.framework */ = {isa = PBXFileReference; lastKnownFileType = wrapper.framework; name = XCTest.framework; path = Library/Frameworks/XCTest.framework; sourceTree = DEVELOPER_DIR; };
		0EBCDAA61880E68A00599122 /* controllersTests-Info.plist */ = {isa = PBXFileReference; lastKnownFileType = text.plist.xml; path = "controllersTests-Info.plist"; sourceTree = "<group>"; };
		0EBCDAA81880E68A00599122 /* en */ = {isa = PBXFileReference; lastKnownFileType = text.plist.strings; name = en; path = en.lproj/InfoPlist.strings; sourceTree = "<group>"; };
		0EBCDAAA1880E68A00599122 /* controllersTests.m */ = {isa = PBXFileReference; lastKnownFileType = sourcecode.c.objc; path = controllersTests.m; sourceTree = "<group>"; };
/* End PBXFileReference section */

/* Begin PBXFrameworksBuildPhase section */
		0EBCDA791880E68A00599122 /* Frameworks */ = {
			isa = PBXFrameworksBuildPhase;
			buildActionMask = 2147483647;
			files = (
				0E82D2EE1895274200B822B6 /* MapKit.framework in Frameworks */,
				0EBCDA821880E68A00599122 /* CoreGraphics.framework in Frameworks */,
				0EBCDA841880E68A00599122 /* UIKit.framework in Frameworks */,
				0EBCDA801880E68A00599122 /* Foundation.framework in Frameworks */,
			);
			runOnlyForDeploymentPostprocessing = 0;
		};
		0EBCDA9A1880E68A00599122 /* Frameworks */ = {
			isa = PBXFrameworksBuildPhase;
			buildActionMask = 2147483647;
			files = (
				0EBCDA9F1880E68A00599122 /* XCTest.framework in Frameworks */,
				0EBCDAA11880E68A00599122 /* UIKit.framework in Frameworks */,
				0EBCDAA01880E68A00599122 /* Foundation.framework in Frameworks */,
			);
			runOnlyForDeploymentPostprocessing = 0;
		};
/* End PBXFrameworksBuildPhase section */

/* Begin PBXGroup section */
		0EBCDA731880E68A00599122 = {
			isa = PBXGroup;
			children = (
				0EBCDA851880E68A00599122 /* controllers */,
				0EBCDAA41880E68A00599122 /* controllersTests */,
				0EBCDA7E1880E68A00599122 /* Frameworks */,
				0EBCDA7D1880E68A00599122 /* Products */,
			);
			sourceTree = "<group>";
		};
		0EBCDA7D1880E68A00599122 /* Products */ = {
			isa = PBXGroup;
			children = (
				0EBCDA7C1880E68A00599122 /* controllers.app */,
				0EBCDA9D1880E68A00599122 /* controllersTests.xctest */,
			);
			name = Products;
			sourceTree = "<group>";
		};
		0EBCDA7E1880E68A00599122 /* Frameworks */ = {
			isa = PBXGroup;
			children = (
				0E82D2ED1895274200B822B6 /* MapKit.framework */,
				0EBCDA7F1880E68A00599122 /* Foundation.framework */,
				0EBCDA811880E68A00599122 /* CoreGraphics.framework */,
				0EBCDA831880E68A00599122 /* UIKit.framework */,
				0EBCDA9E1880E68A00599122 /* XCTest.framework */,
			);
			name = Frameworks;
			sourceTree = "<group>";
		};
		0EBCDA851880E68A00599122 /* controllers */ = {
			isa = PBXGroup;
			children = (
				0EBCDA8E1880E68A00599122 /* AppDelegate.h */,
				0EBCDA8F1880E68A00599122 /* AppDelegate.m */,
				0EBCDA911880E68A00599122 /* Main.storyboard */,
				0EBCDA941880E68A00599122 /* APMapViewController.h */,
				0EBCDA951880E68A00599122 /* APMapViewController.m */,
				0E82D2F51895871E00B822B6 /* APMapView.h */,
				0E82D2F61895871E00B822B6 /* APMapView.m */,
				0E82D2EF18952BB800B822B6 /* APAnnotation.h */,
				0E82D2F018952BB800B822B6 /* APAnnotation.m */,
				0EBCDA971880E68A00599122 /* Images.xcassets */,
				0EBCDA861880E68A00599122 /* Supporting Files */,
			);
			path = controllers;
			sourceTree = "<group>";
		};
		0EBCDA861880E68A00599122 /* Supporting Files */ = {
			isa = PBXGroup;
			children = (
				0EBCDA871880E68A00599122 /* controllers-Info.plist */,
				0EBCDA881880E68A00599122 /* InfoPlist.strings */,
				0EBCDA8B1880E68A00599122 /* main.m */,
				0EBCDA8D1880E68A00599122 /* controllers-Prefix.pch */,
			);
			name = "Supporting Files";
			sourceTree = "<group>";
		};
		0EBCDAA41880E68A00599122 /* controllersTests */ = {
			isa = PBXGroup;
			children = (
				0EBCDAAA1880E68A00599122 /* controllersTests.m */,
				0EBCDAA51880E68A00599122 /* Supporting Files */,
			);
			path = controllersTests;
			sourceTree = "<group>";
		};
		0EBCDAA51880E68A00599122 /* Supporting Files */ = {
			isa = PBXGroup;
			children = (
				0EBCDAA61880E68A00599122 /* controllersTests-Info.plist */,
				0EBCDAA71880E68A00599122 /* InfoPlist.strings */,
			);
			name = "Supporting Files";
			sourceTree = "<group>";
		};
/* End PBXGroup section */

/* Begin PBXNativeTarget section */
		0EBCDA7B1880E68A00599122 /* controllers */ = {
			isa = PBXNativeTarget;
			buildConfigurationList = 0EBCDAAE1880E68A00599122 /* Build configuration list for PBXNativeTarget "controllers" */;
			buildPhases = (
				0EBCDA781880E68A00599122 /* Sources */,
				0EBCDA791880E68A00599122 /* Frameworks */,
				0EBCDA7A1880E68A00599122 /* Resources */,
			);
			buildRules = (
			);
			dependencies = (
			);
			name = controllers;
			productName = controllers;
			productReference = 0EBCDA7C1880E68A00599122 /* controllers.app */;
			productType = "com.apple.product-type.application";
		};
		0EBCDA9C1880E68A00599122 /* controllersTests */ = {
			isa = PBXNativeTarget;
			buildConfigurationList = 0EBCDAB11880E68A00599122 /* Build configuration list for PBXNativeTarget "controllersTests" */;
			buildPhases = (
				0EBCDA991880E68A00599122 /* Sources */,
				0EBCDA9A1880E68A00599122 /* Frameworks */,
				0EBCDA9B1880E68A00599122 /* Resources */,
			);
			buildRules = (
			);
			dependencies = (
				0EBCDAA31880E68A00599122 /* PBXTargetDependency */,
			);
			name = controllersTests;
			productName = controllersTests;
			productReference = 0EBCDA9D1880E68A00599122 /* controllersTests.xctest */;
			productType = "com.apple.product-type.bundle.unit-test";
		};
/* End PBXNativeTarget section */

/* Begin PBXProject section */
		0EBCDA741880E68A00599122 /* Project object */ = {
			isa = PBXProject;
			attributes = {
				LastUpgradeCheck = 0500;
				ORGANIZATIONNAME = "Alfred Marius Nkemla Lienou";
				TargetAttributes = {
					0EBCDA9C1880E68A00599122 = {
						TestTargetID = 0EBCDA7B1880E68A00599122;
					};
				};
			};
			buildConfigurationList = 0EBCDA771880E68A00599122 /* Build configuration list for PBXProject "controllers" */;
			compatibilityVersion = "Xcode 3.2";
			developmentRegion = English;
			hasScannedForEncodings = 0;
			knownRegions = (
				en,
				Base,
			);
			mainGroup = 0EBCDA731880E68A00599122;
			productRefGroup = 0EBCDA7D1880E68A00599122 /* Products */;
			projectDirPath = "";
			projectRoot = "";
			targets = (
				0EBCDA7B1880E68A00599122 /* controllers */,
				0EBCDA9C1880E68A00599122 /* controllersTests */,
			);
		};
/* End PBXProject section */

/* Begin PBXResourcesBuildPhase section */
		0EBCDA7A1880E68A00599122 /* Resources */ = {
			isa = PBXResourcesBuildPhase;
			buildActionMask = 2147483647;
			files = (
				0EBCDA981880E68A00599122 /* Images.xcassets in Resources */,
				0EBCDA8A1880E68A00599122 /* InfoPlist.strings in Resources */,
				0EBCDA931880E68A00599122 /* Main.storyboard in Resources */,
			);
			runOnlyForDeploymentPostprocessing = 0;
		};
		0EBCDA9B1880E68A00599122 /* Resources */ = {
			isa = PBXResourcesBuildPhase;
			buildActionMask = 2147483647;
			files = (
				0EBCDAA91880E68A00599122 /* InfoPlist.strings in Resources */,
			);
			runOnlyForDeploymentPostprocessing = 0;
		};
/* End PBXResourcesBuildPhase section */

/* Begin PBXSourcesBuildPhase section */
		0EBCDA781880E68A00599122 /* Sources */ = {
			isa = PBXSourcesBuildPhase;
			buildActionMask = 2147483647;
			files = (
				0EBCDA961880E68A00599122 /* APMapViewController.m in Sources */,
				0E82D2F118952BB800B822B6 /* APAnnotation.m in Sources */,
				0EBCDA901880E68A00599122 /* AppDelegate.m in Sources */,
				0EBCDA8C1880E68A00599122 /* main.m in Sources */,
				0E82D2F71895871E00B822B6 /* APMapView.m in Sources */,
			);
			runOnlyForDeploymentPostprocessing = 0;
		};
		0EBCDA991880E68A00599122 /* Sources */ = {
			isa = PBXSourcesBuildPhase;
			buildActionMask = 2147483647;
			files = (
				0EBCDAAB1880E68A00599122 /* controllersTests.m in Sources */,
			);
			runOnlyForDeploymentPostprocessing = 0;
		};
/* End PBXSourcesBuildPhase section */

/* Begin PBXTargetDependency section */
		0EBCDAA31880E68A00599122 /* PBXTargetDependency */ = {
			isa = PBXTargetDependency;
			target = 0EBCDA7B1880E68A00599122 /* controllers */;
			targetProxy = 0EBCDAA21880E68A00599122 /* PBXContainerItemProxy */;
		};
/* End PBXTargetDependency section */

/* Begin PBXVariantGroup section */
		0EBCDA881880E68A00599122 /* InfoPlist.strings */ = {
			isa = PBXVariantGroup;
			children = (
				0EBCDA891880E68A00599122 /* en */,
			);
			name = InfoPlist.strings;
			sourceTree = "<group>";
		};
		0EBCDA911880E68A00599122 /* Main.storyboard */ = {
			isa = PBXVariantGroup;
			children = (
				0EBCDA921880E68A00599122 /* Base */,
			);
			name = Main.storyboard;
			sourceTree = "<group>";
		};
		0EBCDAA71880E68A00599122 /* InfoPlist.strings */ = {
			isa = PBXVariantGroup;
			children = (
				0EBCDAA81880E68A00599122 /* en */,
			);
			name = InfoPlist.strings;
			sourceTree = "<group>";
		};
/* End PBXVariantGroup section */

/* Begin XCBuildConfiguration section */
		0EBCDAAC1880E68A00599122 /* Debug */ = {
			isa = XCBuildConfiguration;
			buildSettings = {
				ALWAYS_SEARCH_USER_PATHS = NO;
				ARCHS = "$(ARCHS_STANDARD_INCLUDING_64_BIT)";
				CLANG_CXX_LANGUAGE_STANDARD = "gnu++0x";
				CLANG_CXX_LIBRARY = "libc++";
				CLANG_ENABLE_MODULES = YES;
				CLANG_ENABLE_OBJC_ARC = YES;
				CLANG_WARN_BOOL_CONVERSION = YES;
				CLANG_WARN_CONSTANT_CONVERSION = YES;
				CLANG_WARN_DIRECT_OBJC_ISA_USAGE = YES_ERROR;
				CLANG_WARN_EMPTY_BODY = YES;
				CLANG_WARN_ENUM_CONVERSION = YES;
				CLANG_WARN_INT_CONVERSION = YES;
				CLANG_WARN_OBJC_ROOT_CLASS = YES_ERROR;
				CLANG_WARN__DUPLICATE_METHOD_MATCH = YES;
				"CODE_SIGN_IDENTITY[sdk=iphoneos*]" = "iPhone Developer";
				COPY_PHASE_STRIP = NO;
				GCC_C_LANGUAGE_STANDARD = gnu99;
				GCC_DYNAMIC_NO_PIC = NO;
				GCC_OPTIMIZATION_LEVEL = 0;
				GCC_PREPROCESSOR_DEFINITIONS = (
					"DEBUG=1",
					"$(inherited)",
				);
				GCC_SYMBOLS_PRIVATE_EXTERN = NO;
				GCC_WARN_64_TO_32_BIT_CONVERSION = YES;
				GCC_WARN_ABOUT_RETURN_TYPE = YES_ERROR;
				GCC_WARN_UNDECLARED_SELECTOR = YES;
				GCC_WARN_UNINITIALIZED_AUTOS = YES;
				GCC_WARN_UNUSED_FUNCTION = YES;
				GCC_WARN_UNUSED_VARIABLE = YES;
				IPHONEOS_DEPLOYMENT_TARGET = 7.0;
				ONLY_ACTIVE_ARCH = YES;
				SDKROOT = iphoneos;
			};
			name = Debug;
		};
		0EBCDAAD1880E68A00599122 /* Release */ = {
			isa = XCBuildConfiguration;
			buildSettings = {
				ALWAYS_SEARCH_USER_PATHS = NO;
				ARCHS = "$(ARCHS_STANDARD_INCLUDING_64_BIT)";
				CLANG_CXX_LANGUAGE_STANDARD = "gnu++0x";
				CLANG_CXX_LIBRARY = "libc++";
				CLANG_ENABLE_MODULES = YES;
				CLANG_ENABLE_OBJC_ARC = YES;
				CLANG_WARN_BOOL_CONVERSION = YES;
				CLANG_WARN_CONSTANT_CONVERSION = YES;
				CLANG_WARN_DIRECT_OBJC_ISA_USAGE = YES_ERROR;
				CLANG_WARN_EMPTY_BODY = YES;
				CLANG_WARN_ENUM_CONVERSION = YES;
				CLANG_WARN_INT_CONVERSION = YES;
				CLANG_WARN_OBJC_ROOT_CLASS = YES_ERROR;
				CLANG_WARN__DUPLICATE_METHOD_MATCH = YES;
				"CODE_SIGN_IDENTITY[sdk=iphoneos*]" = "iPhone Developer";
				COPY_PHASE_STRIP = YES;
				ENABLE_NS_ASSERTIONS = NO;
				GCC_C_LANGUAGE_STANDARD = gnu99;
				GCC_WARN_64_TO_32_BIT_CONVERSION = YES;
				GCC_WARN_ABOUT_RETURN_TYPE = YES_ERROR;
				GCC_WARN_UNDECLARED_SELECTOR = YES;
				GCC_WARN_UNINITIALIZED_AUTOS = YES;
				GCC_WARN_UNUSED_FUNCTION = YES;
				GCC_WARN_UNUSED_VARIABLE = YES;
				IPHONEOS_DEPLOYMENT_TARGET = 7.0;
				SDKROOT = iphoneos;
				VALIDATE_PRODUCT = YES;
			};
			name = Release;
		};
		0EBCDAAF1880E68A00599122 /* Debug */ = {
			isa = XCBuildConfiguration;
			buildSettings = {
				ASSETCATALOG_COMPILER_APPICON_NAME = AppIcon;
				ASSETCATALOG_COMPILER_LAUNCHIMAGE_NAME = LaunchImage;
				GCC_PRECOMPILE_PREFIX_HEADER = YES;
				GCC_PREFIX_HEADER = "controllers/controllers-Prefix.pch";
				INFOPLIST_FILE = "controllers/controllers-Info.plist";
				PRODUCT_NAME = "$(TARGET_NAME)";
				WRAPPER_EXTENSION = app;
			};
			name = Debug;
		};
		0EBCDAB01880E68A00599122 /* Release */ = {
			isa = XCBuildConfiguration;
			buildSettings = {
				ASSETCATALOG_COMPILER_APPICON_NAME = AppIcon;
				ASSETCATALOG_COMPILER_LAUNCHIMAGE_NAME = LaunchImage;
				GCC_PRECOMPILE_PREFIX_HEADER = YES;
				GCC_PREFIX_HEADER = "controllers/controllers-Prefix.pch";
				INFOPLIST_FILE = "controllers/controllers-Info.plist";
				PRODUCT_NAME = "$(TARGET_NAME)";
				WRAPPER_EXTENSION = app;
			};
			name = Release;
		};
		0EBCDAB21880E68A00599122 /* Debug */ = {
			isa = XCBuildConfiguration;
			buildSettings = {
				ARCHS = "$(ARCHS_STANDARD_INCLUDING_64_BIT)";
				BUNDLE_LOADER = "$(BUILT_PRODUCTS_DIR)/controllers.app/controllers";
				FRAMEWORK_SEARCH_PATHS = (
					"$(SDKROOT)/Developer/Library/Frameworks",
					"$(inherited)",
					"$(DEVELOPER_FRAMEWORKS_DIR)",
				);
				GCC_PRECOMPILE_PREFIX_HEADER = YES;
				GCC_PREFIX_HEADER = "controllers/controllers-Prefix.pch";
				GCC_PREPROCESSOR_DEFINITIONS = (
					"DEBUG=1",
					"$(inherited)",
				);
				INFOPLIST_FILE = "controllersTests/controllersTests-Info.plist";
				PRODUCT_NAME = "$(TARGET_NAME)";
				TEST_HOST = "$(BUNDLE_LOADER)";
				WRAPPER_EXTENSION = xctest;
			};
			name = Debug;
		};
		0EBCDAB31880E68A00599122 /* Release */ = {
			isa = XCBuildConfiguration;
			buildSettings = {
				ARCHS = "$(ARCHS_STANDARD_INCLUDING_64_BIT)";
				BUNDLE_LOADER = "$(BUILT_PRODUCTS_DIR)/controllers.app/controllers";
				FRAMEWORK_SEARCH_PATHS = (
					"$(SDKROOT)/Developer/Library/Frameworks",
					"$(inherited)",
					"$(DEVELOPER_FRAMEWORKS_DIR)",
				);
				GCC_PRECOMPILE_PREFIX_HEADER = YES;
				GCC_PREFIX_HEADER = "controllers/controllers-Prefix.pch";
				INFOPLIST_FILE = "controllersTests/controllersTests-Info.plist";
				PRODUCT_NAME = "$(TARGET_NAME)";
				TEST_HOST = "$(BUNDLE_LOADER)";
				WRAPPER_EXTENSION = xctest;
			};
			name = Release;
		};
/* End XCBuildConfiguration section */

/* Begin XCConfigurationList section */
		0EBCDA771880E68A00599122 /* Build configuration list for PBXProject "controllers" */ = {
			isa = XCConfigurationList;
			buildConfigurations = (
				0EBCDAAC1880E68A00599122 /* Debug */,
				0EBCDAAD1880E68A00599122 /* Release */,
			);
			defaultConfigurationIsVisible = 0;
			defaultConfigurationName = Release;
		};
		0EBCDAAE1880E68A00599122 /* Build configuration list for PBXNativeTarget "controllers" */ = {
			isa = XCConfigurationList;
			buildConfigurations = (
				0EBCDAAF1880E68A00599122 /* Debug */,
				0EBCDAB01880E68A00599122 /* Release */,
			);
			defaultConfigurationIsVisible = 0;
			defaultConfigurationName = Release;
		};
		0EBCDAB11880E68A00599122 /* Build configuration list for PBXNativeTarget "controllersTests" */ = {
			isa = XCConfigurationList;
			buildConfigurations = (
				0EBCDAB21880E68A00599122 /* Debug */,
				0EBCDAB31880E68A00599122 /* Release */,
			);
			defaultConfigurationIsVisible = 0;
			defaultConfigurationName = Release;
		};
/* End XCConfigurationList section */
	};
	rootObject = 0EBCDA741880E68A00599122 /* Project object */;
}
